
Microsoft Visual Studio Solution File, Format Version 12.00
# Visual Studio Version 17
VisualStudioVersion = 17.7.34031.279
MinimumVisualStudioVersion = 10.0.40219.1
Project("{8BC9CEB8-8B4A-11D0-8D11-00A0C91BC942}") = "signer", "signer\signer.vcxproj", "{41B0A38E-BBA0-4443-BD8A-E083E72D3AD6}"
EndProject
Global
	GlobalSection(SolutionConfigurationPlatforms) = preSolution
		Debug|x64 = Debug|x64
		Debug|x86 = Debug|x86
		Release|x64 = Release|x64
		Release|x86 = Release|x86
	EndGlobalSection
	GlobalSection(ProjectConfigurationPlatforms) = postSolution
		{41B0A38E-BBA0-4443-BD8A-E083E72D3AD6}.Debug|x64.ActiveCfg = Debug|x64
		{41B0A38E-BBA0-4443-BD8A-E083E72D3AD6}.Debug|x64.Build.0 = Debug|x64
		{41B0A38E-BBA0-4443-BD8A-E083E72D3AD6}.Debug|x86.ActiveCfg = Debug|Win32
		{41B0A38E-BBA0-4443-BD8A-E083E72D3AD6}.Debug|x86.Build.0 = Debug|Win32
		{41B0A38E-BBA0-4443-BD8A-E083E72D3AD6}.Release|x64.ActiveCfg = Release|x64
		{41B0A38E-BBA0-4443-BD8A-E083E72D3AD6}.Release|x64.Build.0 = Release|x64
		{41B0A38E-BBA0-4443-BD8A-E083E72D3AD6}.Release|x86.ActiveCfg = Release|Win32
		{41B0A38E-BBA0-4443-BD8A-E083E72D3AD6}.Release|x86.Build.0 = Release|Win32
	EndGlobalSection
	GlobalSection(SolutionProperties) = preSolution
		HideSolutionNode = FALSE
	EndGlobalSection
	GlobalSection(ExtensibilityGlobals) = postSolution
		SolutionGuid = {E66BB151-AE78-4F4A-9C1F-C80EFFEF86FC}
	EndGlobalSection
EndGlobal
